
Microsoft Visual Studio Solution File, Format Version 12.00
# Visual Studio 14
VisualStudioVersion = 14.0.25123.0
MinimumVisualStudioVersion = 10.0.40219.1
Project("{FAE04EC0-301F-11D3-BF4B-00C04F79EFBC}") = "Laboratorio B46671", "Laboratorio B46671\Laboratorio B46671.csproj", "{FC75CCBB-B41D-47CC-B37C-F551E8CACF1D}"
EndProject
Global
	GlobalSection(SolutionConfigurationPlatforms) = preSolution
		Debug|Any CPU = Debug|Any CPU
		Release|Any CPU = Release|Any CPU
	EndGlobalSection
	GlobalSection(ProjectConfigurationPlatforms) = postSolution
		{FC75CCBB-B41D-47CC-B37C-F551E8CACF1D}.Debug|Any CPU.ActiveCfg = Debug|Any CPU
		{FC75CCBB-B41D-47CC-B37C-F551E8CACF1D}.Debug|Any CPU.Build.0 = Debug|Any CPU
		{FC75CCBB-B41D-47CC-B37C-F551E8CACF1D}.Release|Any CPU.ActiveCfg = Release|Any CPU
		{FC75CCBB-B41D-47CC-B37C-F551E8CACF1D}.Release|Any CPU.Build.0 = Release|Any CPU
	EndGlobalSection
	GlobalSection(SolutionProperties) = preSolution
		HideSolutionNode = FALSE
	EndGlobalSection
EndGlobal
